
Microsoft Visual Studio Solution File, Format Version 12.00
# Visual Studio Version 16
VisualStudioVersion = 16.0.29509.3
MinimumVisualStudioVersion = 10.0.40219.1
Project("{FAE04EC0-301F-11D3-BF4B-00C04F79EFBC}") = "exam_3A713153", "exam_3A713153\exam_3A713153.csproj", "{6559F8F2-2E1B-4E80-9203-FDD3D1FA6939}"
EndProject
Global
	GlobalSection(SolutionConfigurationPlatforms) = preSolution
		Debug|Any CPU = Debug|Any CPU
		Release|Any CPU = Release|Any CPU
	EndGlobalSection
	GlobalSection(ProjectConfigurationPlatforms) = postSolution
		{6559F8F2-2E1B-4E80-9203-FDD3D1FA6939}.Debug|Any CPU.ActiveCfg = Debug|Any CPU
		{6559F8F2-2E1B-4E80-9203-FDD3D1FA6939}.Debug|Any CPU.Build.0 = Debug|Any CPU
		{6559F8F2-2E1B-4E80-9203-FDD3D1FA6939}.Release|Any CPU.ActiveCfg = Release|Any CPU
		{6559F8F2-2E1B-4E80-9203-FDD3D1FA6939}.Release|Any CPU.Build.0 = Release|Any CPU
	EndGlobalSection
	GlobalSection(SolutionProperties) = preSolution
		HideSolutionNode = FALSE
	EndGlobalSection
	GlobalSection(ExtensibilityGlobals) = postSolution
		SolutionGuid = {7616EB5B-798F-4AED-9BB6-3A3CE7528BDE}
	EndGlobalSection
EndGlobal
